
Microsoft Visual Studio Solution File, Format Version 12.00
# Visual Studio Version 16
VisualStudioVersion = 16.0.29326.143
MinimumVisualStudioVersion = 10.0.40219.1
Project("{FAE04EC0-301F-11D3-BF4B-00C04F79EFBC}") = "AgendaApp", "AgendaApp\AgendaApp.csproj", "{19593ACA-5300-497C-9A2E-FF291AFE2B37}"
EndProject
Project("{2150E333-8FDC-42A3-9474-1A3956D46DE8}") = "Agenda", "Agenda", "{59B5D41F-0E25-41F0-9440-BF67A543A0A6}"
EndProject
Project("{FAE04EC0-301F-11D3-BF4B-00C04F79EFBC}") = "AgendaUnitTest", "AgendaUnitTest\AgendaUnitTest.csproj", "{4A534D82-D5FD-4EC7-BFD5-49F55CE01514}"
EndProject
Global
	GlobalSection(SolutionConfigurationPlatforms) = preSolution
		Debug|Any CPU = Debug|Any CPU
		Release|Any CPU = Release|Any CPU
	EndGlobalSection
	GlobalSection(ProjectConfigurationPlatforms) = postSolution
		{19593ACA-5300-497C-9A2E-FF291AFE2B37}.Debug|Any CPU.ActiveCfg = Debug|Any CPU
		{19593ACA-5300-497C-9A2E-FF291AFE2B37}.Debug|Any CPU.Build.0 = Debug|Any CPU
		{19593ACA-5300-497C-9A2E-FF291AFE2B37}.Release|Any CPU.ActiveCfg = Release|Any CPU
		{19593ACA-5300-497C-9A2E-FF291AFE2B37}.Release|Any CPU.Build.0 = Release|Any CPU
		{4A534D82-D5FD-4EC7-BFD5-49F55CE01514}.Debug|Any CPU.ActiveCfg = Debug|Any CPU
		{4A534D82-D5FD-4EC7-BFD5-49F55CE01514}.Debug|Any CPU.Build.0 = Debug|Any CPU
		{4A534D82-D5FD-4EC7-BFD5-49F55CE01514}.Release|Any CPU.ActiveCfg = Release|Any CPU
		{4A534D82-D5FD-4EC7-BFD5-49F55CE01514}.Release|Any CPU.Build.0 = Release|Any CPU
	EndGlobalSection
	GlobalSection(SolutionProperties) = preSolution
		HideSolutionNode = FALSE
	EndGlobalSection
	GlobalSection(NestedProjects) = preSolution
		{19593ACA-5300-497C-9A2E-FF291AFE2B37} = {59B5D41F-0E25-41F0-9440-BF67A543A0A6}
		{4A534D82-D5FD-4EC7-BFD5-49F55CE01514} = {59B5D41F-0E25-41F0-9440-BF67A543A0A6}
	EndGlobalSection
	GlobalSection(ExtensibilityGlobals) = postSolution
		SolutionGuid = {63F9A19F-3E34-46D1-A28A-5D476D12ED04}
	EndGlobalSection
EndGlobal
